
Microsoft Visual Studio Solution File, Format Version 12.00
# Visual Studio Version 17
VisualStudioVersion = 17.3.32901.215
MinimumVisualStudioVersion = 10.0.40219.1
Project("{9A19103F-16F7-4668-BE54-9A1E7A4F7556}") = "RpgStats.BlazorServer", "RpgStats.BlazorServer\RpgStats.BlazorServer.csproj", "{DEACBEBA-C2AC-4D33-99D3-1E3B6A9AC6B1}"
EndProject
Project("{9A19103F-16F7-4668-BE54-9A1E7A4F7556}") = "RpgStats.Domain", "RpgStats.Domain\RpgStats.Domain.csproj", "{CA66FA60-0A18-4EA5-84B4-DFB74B314869}"
EndProject
Project("{9A19103F-16F7-4668-BE54-9A1E7A4F7556}") = "RpgStats.Repo", "RpgStats.Repo\RpgStats.Repo.csproj", "{DCF9FB74-CF71-4D40-B563-EAD85F304AA0}"
EndProject
Project("{9A19103F-16F7-4668-BE54-9A1E7A4F7556}") = "RpgStats.Services.Abstractions", "RpgStats.Services.Abstractions\RpgStats.Services.Abstractions.csproj", "{898B970E-709B-4B52-966B-D2272C11C1BA}"
EndProject
Project("{9A19103F-16F7-4668-BE54-9A1E7A4F7556}") = "RpgStats.Services", "RpgStats.Services\RpgStats.Services.csproj", "{688ED585-3D1C-4563-B471-6C9B06929F40}"
EndProject
Project("{9A19103F-16F7-4668-BE54-9A1E7A4F7556}") = "RpgStats.Controllers", "RpgStats.Controllers\RpgStats.Controllers.csproj", "{B9FAD8AE-1558-4C5E-A215-495D2FE0942C}"
EndProject
Project("{9A19103F-16F7-4668-BE54-9A1E7A4F7556}") = "RpgStats.Dto", "RpgStats.Dto\RpgStats.Dto.csproj", "{1C7565D1-84F6-4C04-A3F5-61C41885A2BF}"
EndProject
Project("{2150E333-8FDC-42A3-9474-1A3956D46DE8}") = "db", "db", "{1109059C-DD36-4C84-8A1A-17F9DBF4791E}"
EndProject
Project("{2150E333-8FDC-42A3-9474-1A3956D46DE8}") = "ui", "ui", "{72DDB2C4-BCCF-4481-8717-D9E2B39762EC}"
EndProject
Project("{2150E333-8FDC-42A3-9474-1A3956D46DE8}") = "api", "api", "{0DED8742-796E-4451-9987-FCF89DC1127A}"
EndProject
Project("{2150E333-8FDC-42A3-9474-1A3956D46DE8}") = "bizlogic", "bizlogic", "{C4827331-5667-457A-AF67-008D69DFF0F7}"
EndProject
Project("{9A19103F-16F7-4668-BE54-9A1E7A4F7556}") = "RpgStats.BizLogic", "RpgStats.BizLogic\RpgStats.BizLogic.csproj", "{E492595C-267D-44F3-A9AE-716E09774740}"
EndProject
Project("{9A19103F-16F7-4668-BE54-9A1E7A4F7556}") = "RpgStats.Domain.Tests", "RpgStats.Domain.Tests\RpgStats.Domain.Tests.csproj", "{9420A98D-0F1F-44F0-A04D-291BCC1F3BD1}"
EndProject
Project("{FAE04EC0-301F-11D3-BF4B-00C04F79EFBC}") = "RpgStats.Dto.Tests", "RpgStats.Dto.Tests\RpgStats.Dto.Tests.csproj", "{F0ADCD40-6C18-400F-AD20-E155BF10A031}"
EndProject
Project("{FAE04EC0-301F-11D3-BF4B-00C04F79EFBC}") = "RpgStats.Services.Tests", "RpgStats.Services.Tests\RpgStats.Services.Tests.csproj", "{29A8D4BB-87DC-44EA-95BD-831843689BC4}"
EndProject
Global
	GlobalSection(SolutionConfigurationPlatforms) = preSolution
		Debug|Any CPU = Debug|Any CPU
		Release|Any CPU = Release|Any CPU
	EndGlobalSection
	GlobalSection(ProjectConfigurationPlatforms) = postSolution
		{DEACBEBA-C2AC-4D33-99D3-1E3B6A9AC6B1}.Debug|Any CPU.ActiveCfg = Debug|Any CPU
		{DEACBEBA-C2AC-4D33-99D3-1E3B6A9AC6B1}.Debug|Any CPU.Build.0 = Debug|Any CPU
		{DEACBEBA-C2AC-4D33-99D3-1E3B6A9AC6B1}.Release|Any CPU.ActiveCfg = Release|Any CPU
		{DEACBEBA-C2AC-4D33-99D3-1E3B6A9AC6B1}.Release|Any CPU.Build.0 = Release|Any CPU
		{CA66FA60-0A18-4EA5-84B4-DFB74B314869}.Debug|Any CPU.ActiveCfg = Debug|Any CPU
		{CA66FA60-0A18-4EA5-84B4-DFB74B314869}.Debug|Any CPU.Build.0 = Debug|Any CPU
		{CA66FA60-0A18-4EA5-84B4-DFB74B314869}.Release|Any CPU.ActiveCfg = Release|Any CPU
		{CA66FA60-0A18-4EA5-84B4-DFB74B314869}.Release|Any CPU.Build.0 = Release|Any CPU
		{DCF9FB74-CF71-4D40-B563-EAD85F304AA0}.Debug|Any CPU.ActiveCfg = Debug|Any CPU
		{DCF9FB74-CF71-4D40-B563-EAD85F304AA0}.Debug|Any CPU.Build.0 = Debug|Any CPU
		{DCF9FB74-CF71-4D40-B563-EAD85F304AA0}.Release|Any CPU.ActiveCfg = Release|Any CPU
		{DCF9FB74-CF71-4D40-B563-EAD85F304AA0}.Release|Any CPU.Build.0 = Release|Any CPU
		{898B970E-709B-4B52-966B-D2272C11C1BA}.Debug|Any CPU.ActiveCfg = Debug|Any CPU
		{898B970E-709B-4B52-966B-D2272C11C1BA}.Debug|Any CPU.Build.0 = Debug|Any CPU
		{898B970E-709B-4B52-966B-D2272C11C1BA}.Release|Any CPU.ActiveCfg = Release|Any CPU
		{898B970E-709B-4B52-966B-D2272C11C1BA}.Release|Any CPU.Build.0 = Release|Any CPU
		{688ED585-3D1C-4563-B471-6C9B06929F40}.Debug|Any CPU.ActiveCfg = Debug|Any CPU
		{688ED585-3D1C-4563-B471-6C9B06929F40}.Debug|Any CPU.Build.0 = Debug|Any CPU
		{688ED585-3D1C-4563-B471-6C9B06929F40}.Release|Any CPU.ActiveCfg = Release|Any CPU
		{688ED585-3D1C-4563-B471-6C9B06929F40}.Release|Any CPU.Build.0 = Release|Any CPU
		{B9FAD8AE-1558-4C5E-A215-495D2FE0942C}.Debug|Any CPU.ActiveCfg = Debug|Any CPU
		{B9FAD8AE-1558-4C5E-A215-495D2FE0942C}.Debug|Any CPU.Build.0 = Debug|Any CPU
		{B9FAD8AE-1558-4C5E-A215-495D2FE0942C}.Release|Any CPU.ActiveCfg = Release|Any CPU
		{B9FAD8AE-1558-4C5E-A215-495D2FE0942C}.Release|Any CPU.Build.0 = Release|Any CPU
		{1C7565D1-84F6-4C04-A3F5-61C41885A2BF}.Debug|Any CPU.ActiveCfg = Debug|Any CPU
		{1C7565D1-84F6-4C04-A3F5-61C41885A2BF}.Debug|Any CPU.Build.0 = Debug|Any CPU
		{1C7565D1-84F6-4C04-A3F5-61C41885A2BF}.Release|Any CPU.ActiveCfg = Release|Any CPU
		{1C7565D1-84F6-4C04-A3F5-61C41885A2BF}.Release|Any CPU.Build.0 = Release|Any CPU
		{E492595C-267D-44F3-A9AE-716E09774740}.Debug|Any CPU.ActiveCfg = Debug|Any CPU
		{E492595C-267D-44F3-A9AE-716E09774740}.Debug|Any CPU.Build.0 = Debug|Any CPU
		{E492595C-267D-44F3-A9AE-716E09774740}.Release|Any CPU.ActiveCfg = Release|Any CPU
		{E492595C-267D-44F3-A9AE-716E09774740}.Release|Any CPU.Build.0 = Release|Any CPU
		{9420A98D-0F1F-44F0-A04D-291BCC1F3BD1}.Debug|Any CPU.ActiveCfg = Debug|Any CPU
		{9420A98D-0F1F-44F0-A04D-291BCC1F3BD1}.Debug|Any CPU.Build.0 = Debug|Any CPU
		{9420A98D-0F1F-44F0-A04D-291BCC1F3BD1}.Release|Any CPU.ActiveCfg = Release|Any CPU
		{9420A98D-0F1F-44F0-A04D-291BCC1F3BD1}.Release|Any CPU.Build.0 = Release|Any CPU
		{F0ADCD40-6C18-400F-AD20-E155BF10A031}.Debug|Any CPU.ActiveCfg = Debug|Any CPU
		{F0ADCD40-6C18-400F-AD20-E155BF10A031}.Debug|Any CPU.Build.0 = Debug|Any CPU
		{F0ADCD40-6C18-400F-AD20-E155BF10A031}.Release|Any CPU.ActiveCfg = Release|Any CPU
		{F0ADCD40-6C18-400F-AD20-E155BF10A031}.Release|Any CPU.Build.0 = Release|Any CPU
		{29A8D4BB-87DC-44EA-95BD-831843689BC4}.Debug|Any CPU.ActiveCfg = Debug|Any CPU
		{29A8D4BB-87DC-44EA-95BD-831843689BC4}.Debug|Any CPU.Build.0 = Debug|Any CPU
		{29A8D4BB-87DC-44EA-95BD-831843689BC4}.Release|Any CPU.ActiveCfg = Release|Any CPU
		{29A8D4BB-87DC-44EA-95BD-831843689BC4}.Release|Any CPU.Build.0 = Release|Any CPU
	EndGlobalSection
	GlobalSection(SolutionProperties) = preSolution
		HideSolutionNode = FALSE
	EndGlobalSection
	GlobalSection(NestedProjects) = preSolution
		{DEACBEBA-C2AC-4D33-99D3-1E3B6A9AC6B1} = {72DDB2C4-BCCF-4481-8717-D9E2B39762EC}
		{CA66FA60-0A18-4EA5-84B4-DFB74B314869} = {1109059C-DD36-4C84-8A1A-17F9DBF4791E}
		{DCF9FB74-CF71-4D40-B563-EAD85F304AA0} = {1109059C-DD36-4C84-8A1A-17F9DBF4791E}
		{898B970E-709B-4B52-966B-D2272C11C1BA} = {1109059C-DD36-4C84-8A1A-17F9DBF4791E}
		{688ED585-3D1C-4563-B471-6C9B06929F40} = {1109059C-DD36-4C84-8A1A-17F9DBF4791E}
		{B9FAD8AE-1558-4C5E-A215-495D2FE0942C} = {0DED8742-796E-4451-9987-FCF89DC1127A}
		{1C7565D1-84F6-4C04-A3F5-61C41885A2BF} = {1109059C-DD36-4C84-8A1A-17F9DBF4791E}
		{E492595C-267D-44F3-A9AE-716E09774740} = {C4827331-5667-457A-AF67-008D69DFF0F7}
		{9420A98D-0F1F-44F0-A04D-291BCC1F3BD1} = {1109059C-DD36-4C84-8A1A-17F9DBF4791E}
		{F0ADCD40-6C18-400F-AD20-E155BF10A031} = {1109059C-DD36-4C84-8A1A-17F9DBF4791E}
		{29A8D4BB-87DC-44EA-95BD-831843689BC4} = {1109059C-DD36-4C84-8A1A-17F9DBF4791E}
	EndGlobalSection
	GlobalSection(ExtensibilityGlobals) = postSolution
		SolutionGuid = {89448F67-F1C7-49DA-8512-E0050C900CD4}
	EndGlobalSection
EndGlobal
